
Microsoft Visual Studio Solution File, Format Version 12.00
# Visual Studio 15
VisualStudioVersion = 15.0.27703.2026
MinimumVisualStudioVersion = 10.0.40219.1
Project("{FAE04EC0-301F-11D3-BF4B-00C04F79EFBC}") = "cSharpYoutubeTutorialPartOne", "cSharpYoutubeTutorialPartOne\cSharpYoutubeTutorialPartOne.csproj", "{D5A02CE3-00B4-4977-AF1D-9CCAA4E7A23F}"
EndProject
Global
	GlobalSection(SolutionConfigurationPlatforms) = preSolution
		Debug|Any CPU = Debug|Any CPU
		Release|Any CPU = Release|Any CPU
	EndGlobalSection
	GlobalSection(ProjectConfigurationPlatforms) = postSolution
		{D5A02CE3-00B4-4977-AF1D-9CCAA4E7A23F}.Debug|Any CPU.ActiveCfg = Debug|Any CPU
		{D5A02CE3-00B4-4977-AF1D-9CCAA4E7A23F}.Debug|Any CPU.Build.0 = Debug|Any CPU
		{D5A02CE3-00B4-4977-AF1D-9CCAA4E7A23F}.Release|Any CPU.ActiveCfg = Release|Any CPU
		{D5A02CE3-00B4-4977-AF1D-9CCAA4E7A23F}.Release|Any CPU.Build.0 = Release|Any CPU
	EndGlobalSection
	GlobalSection(SolutionProperties) = preSolution
		HideSolutionNode = FALSE
	EndGlobalSection
	GlobalSection(ExtensibilityGlobals) = postSolution
		SolutionGuid = {48C29C83-7932-4BE5-ADEC-64BF30EC8941}
	EndGlobalSection
EndGlobal
